// !$*UTF8*$!
{
	archiveVersion = 1;
	classes = {
	};
	objectVersion = 46;
	objects = {

/* Begin PBXBuildFile section */
		070B8B1019F766CE00B156C3 /* JShape.swift in Sources */ = {isa = PBXBuildFile; fileRef = 070B8B0F19F766CE00B156C3 /* JShape.swift */; };
		070B8B1219F766FB00B156C3 /* SShape.swift in Sources */ = {isa = PBXBuildFile; fileRef = 070B8B1119F766FB00B156C3 /* SShape.swift */; };
		070B8B1419F7672300B156C3 /* ZShape.swift in Sources */ = {isa = PBXBuildFile; fileRef = 070B8B1319F7672300B156C3 /* ZShape.swift */; };
		073E1E6319F75CB900F91E2C /* TShape.swift in Sources */ = {isa = PBXBuildFile; fileRef = 073E1E6219F75CB900F91E2C /* TShape.swift */; };
		075427E719F7646300991986 /* LineShape.swift in Sources */ = {isa = PBXBuildFile; fileRef = 075427E619F7646300991986 /* LineShape.swift */; };
		075427E919F7668900991986 /* LShape.swift in Sources */ = {isa = PBXBuildFile; fileRef = 075427E819F7668900991986 /* LShape.swift */; };
		0758D47419F6A824000B75D8 /* Shape.swift in Sources */ = {isa = PBXBuildFile; fileRef = 0758D47319F6A824000B75D8 /* Shape.swift */; };
		075F3BE819F551FB0096E74E /* Block.swift in Sources */ = {isa = PBXBuildFile; fileRef = 075F3BE719F551FB0096E74E /* Block.swift */; };
		0771BB9119F7F76000CC284A /* Swiftris.swift in Sources */ = {isa = PBXBuildFile; fileRef = 0771BB9019F7F76000CC284A /* Swiftris.swift */; };
		07C983EE19F4EEC20035314B /* AppDelegate.swift in Sources */ = {isa = PBXBuildFile; fileRef = 07C983ED19F4EEC20035314B /* AppDelegate.swift */; };
		07C983F219F4EEC20035314B /* GameScene.swift in Sources */ = {isa = PBXBuildFile; fileRef = 07C983F119F4EEC20035314B /* GameScene.swift */; };
		07C983F419F4EEC20035314B /* GameViewController.swift in Sources */ = {isa = PBXBuildFile; fileRef = 07C983F319F4EEC20035314B /* GameViewController.swift */; };
		07C983F719F4EEC20035314B /* Main.storyboard in Resources */ = {isa = PBXBuildFile; fileRef = 07C983F519F4EEC20035314B /* Main.storyboard */; };
		07C983F919F4EEC20035314B /* Images.xcassets in Resources */ = {isa = PBXBuildFile; fileRef = 07C983F819F4EEC20035314B /* Images.xcassets */; };
		07C9840519F4EEC30035314B /* swift_tetrisTests.swift in Sources */ = {isa = PBXBuildFile; fileRef = 07C9840419F4EEC30035314B /* swift_tetrisTests.swift */; };
		07DA9BC019F7574900A1EBD0 /* SquareShape.swift in Sources */ = {isa = PBXBuildFile; fileRef = 07DA9BBF19F7574900A1EBD0 /* SquareShape.swift */; };
		07FB1C0D19F4F4DF00B21BED /* bomb.mp3 in Resources */ = {isa = PBXBuildFile; fileRef = 07FB1C0819F4F4DF00B21BED /* bomb.mp3 */; };
		07FB1C0E19F4F4DF00B21BED /* drop.mp3 in Resources */ = {isa = PBXBuildFile; fileRef = 07FB1C0919F4F4DF00B21BED /* drop.mp3 */; };
		07FB1C0F19F4F4DF00B21BED /* gameover.mp3 in Resources */ = {isa = PBXBuildFile; fileRef = 07FB1C0A19F4F4DF00B21BED /* gameover.mp3 */; };
		07FB1C1019F4F4DF00B21BED /* levelup.mp3 in Resources */ = {isa = PBXBuildFile; fileRef = 07FB1C0B19F4F4DF00B21BED /* levelup.mp3 */; };
		07FB1C1119F4F4DF00B21BED /* theme.mp3 in Resources */ = {isa = PBXBuildFile; fileRef = 07FB1C0C19F4F4DF00B21BED /* theme.mp3 */; };
		07FB1C1319F4F51100B21BED /* Sprites.atlas in Resources */ = {isa = PBXBuildFile; fileRef = 07FB1C1219F4F51100B21BED /* Sprites.atlas */; };
		07FB1C2D19F4F63C00B21BED /* background.png in Resources */ = {isa = PBXBuildFile; fileRef = 07FB1C2719F4F63C00B21BED /* background.png */; };
		07FB1C2E19F4F63C00B21BED /* background@2x.png in Resources */ = {isa = PBXBuildFile; fileRef = 07FB1C2819F4F63C00B21BED /* background@2x.png */; };
		07FB1C2F19F4F63C00B21BED /* gameboard.png in Resources */ = {isa = PBXBuildFile; fileRef = 07FB1C2919F4F63C00B21BED /* gameboard.png */; };
		07FB1C3019F4F63C00B21BED /* gameboard@2x.png in Resources */ = {isa = PBXBuildFile; fileRef = 07FB1C2A19F4F63C00B21BED /* gameboard@2x.png */; };
		07FB1C3119F4F63C00B21BED /* whitebg.png in Resources */ = {isa = PBXBuildFile; fileRef = 07FB1C2B19F4F63C00B21BED /* whitebg.png */; };
		07FB1C3219F4F63C00B21BED /* whitebg@2x.png in Resources */ = {isa = PBXBuildFile; fileRef = 07FB1C2C19F4F63C00B21BED /* whitebg@2x.png */; };
		07FB1C3419F4F90500B21BED /* Array2D.swift in Sources */ = {isa = PBXBuildFile; fileRef = 07FB1C3319F4F90500B21BED /* Array2D.swift */; };
/* End PBXBuildFile section */

/* Begin PBXContainerItemProxy section */
		07C983FF19F4EEC30035314B /* PBXContainerItemProxy */ = {
			isa = PBXContainerItemProxy;
			containerPortal = 07C983E019F4EEC20035314B /* Project object */;
			proxyType = 1;
			remoteGlobalIDString = 07C983E719F4EEC20035314B;
			remoteInfo = "swift-tetris";
		};
/* End PBXContainerItemProxy section */

/* Begin PBXFileReference section */
		070B8B0F19F766CE00B156C3 /* JShape.swift */ = {isa = PBXFileReference; fileEncoding = 4; lastKnownFileType = sourcecode.swift; path = JShape.swift; sourceTree = "<group>"; };
		070B8B1119F766FB00B156C3 /* SShape.swift */ = {isa = PBXFileReference; fileEncoding = 4; lastKnownFileType = sourcecode.swift; path = SShape.swift; sourceTree = "<group>"; };
		070B8B1319F7672300B156C3 /* ZShape.swift */ = {isa = PBXFileReference; fileEncoding = 4; lastKnownFileType = sourcecode.swift; path = ZShape.swift; sourceTree = "<group>"; };
		073E1E6219F75CB900F91E2C /* TShape.swift */ = {isa = PBXFileReference; fileEncoding = 4; lastKnownFileType = sourcecode.swift; path = TShape.swift; sourceTree = "<group>"; };
		075427E619F7646300991986 /* LineShape.swift */ = {isa = PBXFileReference; fileEncoding = 4; lastKnownFileType = sourcecode.swift; path = LineShape.swift; sourceTree = "<group>"; };
		075427E819F7668900991986 /* LShape.swift */ = {isa = PBXFileReference; fileEncoding = 4; lastKnownFileType = sourcecode.swift; path = LShape.swift; sourceTree = "<group>"; };
		0758D47319F6A824000B75D8 /* Shape.swift */ = {isa = PBXFileReference; fileEncoding = 4; lastKnownFileType = sourcecode.swift; path = Shape.swift; sourceTree = "<group>"; };
		075F3BE719F551FB0096E74E /* Block.swift */ = {isa = PBXFileReference; fileEncoding = 4; lastKnownFileType = sourcecode.swift; path = Block.swift; sourceTree = "<group>"; };
		0771BB9019F7F76000CC284A /* Swiftris.swift */ = {isa = PBXFileReference; fileEncoding = 4; lastKnownFileType = sourcecode.swift; path = Swiftris.swift; sourceTree = "<group>"; };
		07C983E819F4EEC20035314B /* swift-tetris.app */ = {isa = PBXFileReference; explicitFileType = wrapper.application; includeInIndex = 0; path = "swift-tetris.app"; sourceTree = BUILT_PRODUCTS_DIR; };
		07C983EC19F4EEC20035314B /* Info.plist */ = {isa = PBXFileReference; lastKnownFileType = text.plist.xml; path = Info.plist; sourceTree = "<group>"; };
		07C983ED19F4EEC20035314B /* AppDelegate.swift */ = {isa = PBXFileReference; lastKnownFileType = sourcecode.swift; path = AppDelegate.swift; sourceTree = "<group>"; };
		07C983F119F4EEC20035314B /* GameScene.swift */ = {isa = PBXFileReference; lastKnownFileType = sourcecode.swift; path = GameScene.swift; sourceTree = "<group>"; };
		07C983F319F4EEC20035314B /* GameViewController.swift */ = {isa = PBXFileReference; lastKnownFileType = sourcecode.swift; path = GameViewController.swift; sourceTree = "<group>"; };
		07C983F619F4EEC20035314B /* Base */ = {isa = PBXFileReference; lastKnownFileType = file.storyboard; name = Base; path = Base.lproj/Main.storyboard; sourceTree = "<group>"; };
		07C983F819F4EEC20035314B /* Images.xcassets */ = {isa = PBXFileReference; lastKnownFileType = folder.assetcatalog; path = Images.xcassets; sourceTree = "<group>"; };
		07C983FE19F4EEC30035314B /* swift-tetrisTests.xctest */ = {isa = PBXFileReference; explicitFileType = wrapper.cfbundle; includeInIndex = 0; path = "swift-tetrisTests.xctest"; sourceTree = BUILT_PRODUCTS_DIR; };
		07C9840319F4EEC30035314B /* Info.plist */ = {isa = PBXFileReference; lastKnownFileType = text.plist.xml; path = Info.plist; sourceTree = "<group>"; };
		07C9840419F4EEC30035314B /* swift_tetrisTests.swift */ = {isa = PBXFileReference; lastKnownFileType = sourcecode.swift; path = swift_tetrisTests.swift; sourceTree = "<group>"; };
		07DA9BBF19F7574900A1EBD0 /* SquareShape.swift */ = {isa = PBXFileReference; fileEncoding = 4; lastKnownFileType = sourcecode.swift; path = SquareShape.swift; sourceTree = "<group>"; };
		07FB1C0819F4F4DF00B21BED /* bomb.mp3 */ = {isa = PBXFileReference; lastKnownFileType = audio.mp3; path = bomb.mp3; sourceTree = "<group>"; };
		07FB1C0919F4F4DF00B21BED /* drop.mp3 */ = {isa = PBXFileReference; lastKnownFileType = audio.mp3; path = drop.mp3; sourceTree = "<group>"; };
		07FB1C0A19F4F4DF00B21BED /* gameover.mp3 */ = {isa = PBXFileReference; lastKnownFileType = audio.mp3; path = gameover.mp3; sourceTree = "<group>"; };
		07FB1C0B19F4F4DF00B21BED /* levelup.mp3 */ = {isa = PBXFileReference; lastKnownFileType = audio.mp3; path = levelup.mp3; sourceTree = "<group>"; };
		07FB1C0C19F4F4DF00B21BED /* theme.mp3 */ = {isa = PBXFileReference; lastKnownFileType = audio.mp3; path = theme.mp3; sourceTree = "<group>"; };
		07FB1C1219F4F51100B21BED /* Sprites.atlas */ = {isa = PBXFileReference; lastKnownFileType = folder.skatlas; path = Sprites.atlas; sourceTree = "<group>"; };
		07FB1C2719F4F63C00B21BED /* background.png */ = {isa = PBXFileReference; lastKnownFileType = image.png; path = background.png; sourceTree = "<group>"; };
		07FB1C2819F4F63C00B21BED /* background@2x.png */ = {isa = PBXFileReference; lastKnownFileType = image.png; path = "background@2x.png"; sourceTree = "<group>"; };
		07FB1C2919F4F63C00B21BED /* gameboard.png */ = {isa = PBXFileReference; lastKnownFileType = image.png; path = gameboard.png; sourceTree = "<group>"; };
		07FB1C2A19F4F63C00B21BED /* gameboard@2x.png */ = {isa = PBXFileReference; lastKnownFileType = image.png; path = "gameboard@2x.png"; sourceTree = "<group>"; };
		07FB1C2B19F4F63C00B21BED /* whitebg.png */ = {isa = PBXFileReference; lastKnownFileType = image.png; path = whitebg.png; sourceTree = "<group>"; };
		07FB1C2C19F4F63C00B21BED /* whitebg@2x.png */ = {isa = PBXFileReference; lastKnownFileType = image.png; path = "whitebg@2x.png"; sourceTree = "<group>"; };
		07FB1C3319F4F90500B21BED /* Array2D.swift */ = {isa = PBXFileReference; fileEncoding = 4; lastKnownFileType = sourcecode.swift; path = Array2D.swift; sourceTree = "<group>"; };
/* End PBXFileReference section */

/* Begin PBXFrameworksBuildPhase section */
		07C983E519F4EEC20035314B /* Frameworks */ = {
			isa = PBXFrameworksBuildPhase;
			buildActionMask = 2147483647;
			files = (
			);
			runOnlyForDeploymentPostprocessing = 0;
		};
		07C983FB19F4EEC30035314B /* Frameworks */ = {
			isa = PBXFrameworksBuildPhase;
			buildActionMask = 2147483647;
			files = (
			);
			runOnlyForDeploymentPostprocessing = 0;
		};
/* End PBXFrameworksBuildPhase section */

/* Begin PBXGroup section */
		07C983DF19F4EEC20035314B = {
			isa = PBXGroup;
			children = (
				07C983EA19F4EEC20035314B /* swift-tetris */,
				07C9840119F4EEC30035314B /* swift-tetrisTests */,
				07C983E919F4EEC20035314B /* Products */,
			);
			sourceTree = "<group>";
		};
		07C983E919F4EEC20035314B /* Products */ = {
			isa = PBXGroup;
			children = (
				07C983E819F4EEC20035314B /* swift-tetris.app */,
				07C983FE19F4EEC30035314B /* swift-tetrisTests.xctest */,
			);
			name = Products;
			sourceTree = "<group>";
		};
		07C983EA19F4EEC20035314B /* swift-tetris */ = {
			isa = PBXGroup;
			children = (
				07FB1C3319F4F90500B21BED /* Array2D.swift */,
				07C983ED19F4EEC20035314B /* AppDelegate.swift */,
				075F3BE719F551FB0096E74E /* Block.swift */,
				07C983F119F4EEC20035314B /* GameScene.swift */,
				07C983F319F4EEC20035314B /* GameViewController.swift */,
				070B8B0F19F766CE00B156C3 /* JShape.swift */,
				075427E619F7646300991986 /* LineShape.swift */,
				075427E819F7668900991986 /* LShape.swift */,
				07C983F519F4EEC20035314B /* Main.storyboard */,
				0758D47319F6A824000B75D8 /* Shape.swift */,
				07DA9BBF19F7574900A1EBD0 /* SquareShape.swift */,
				070B8B1119F766FB00B156C3 /* SShape.swift */,
				0771BB9019F7F76000CC284A /* Swiftris.swift */,
				073E1E6219F75CB900F91E2C /* TShape.swift */,
				070B8B1319F7672300B156C3 /* ZShape.swift */,
				07C983F819F4EEC20035314B /* Images.xcassets */,
				07C983EB19F4EEC20035314B /* Supporting Files */,
			);
			path = "swift-tetris";
			sourceTree = "<group>";
		};
		07C983EB19F4EEC20035314B /* Supporting Files */ = {
			isa = PBXGroup;
			children = (
				07FB1C2619F4F63C00B21BED /* Images */,
				07FB1C1219F4F51100B21BED /* Sprites.atlas */,
				07C983EC19F4EEC20035314B /* Info.plist */,
				07FB1C0719F4F4DF00B21BED /* Sounds */,
			);
			name = "Supporting Files";
			sourceTree = "<group>";
		};
		07C9840119F4EEC30035314B /* swift-tetrisTests */ = {
			isa = PBXGroup;
			children = (
				07C9840419F4EEC30035314B /* swift_tetrisTests.swift */,
				07C9840219F4EEC30035314B /* Supporting Files */,
			);
			path = "swift-tetrisTests";
			sourceTree = "<group>";
		};
		07C9840219F4EEC30035314B /* Supporting Files */ = {
			isa = PBXGroup;
			children = (
				07C9840319F4EEC30035314B /* Info.plist */,
			);
			name = "Supporting Files";
			sourceTree = "<group>";
		};
		07FB1C0719F4F4DF00B21BED /* Sounds */ = {
			isa = PBXGroup;
			children = (
				07FB1C0819F4F4DF00B21BED /* bomb.mp3 */,
				07FB1C0919F4F4DF00B21BED /* drop.mp3 */,
				07FB1C0A19F4F4DF00B21BED /* gameover.mp3 */,
				07FB1C0B19F4F4DF00B21BED /* levelup.mp3 */,
				07FB1C0C19F4F4DF00B21BED /* theme.mp3 */,
			);
			path = Sounds;
			sourceTree = "<group>";
		};
		07FB1C2619F4F63C00B21BED /* Images */ = {
			isa = PBXGroup;
			children = (
				07FB1C2719F4F63C00B21BED /* background.png */,
				07FB1C2819F4F63C00B21BED /* background@2x.png */,
				07FB1C2919F4F63C00B21BED /* gameboard.png */,
				07FB1C2A19F4F63C00B21BED /* gameboard@2x.png */,
				07FB1C2B19F4F63C00B21BED /* whitebg.png */,
				07FB1C2C19F4F63C00B21BED /* whitebg@2x.png */,
			);
			path = Images;
			sourceTree = "<group>";
		};
/* End PBXGroup section */

/* Begin PBXNativeTarget section */
		07C983E719F4EEC20035314B /* swift-tetris */ = {
			isa = PBXNativeTarget;
			buildConfigurationList = 07C9840819F4EEC30035314B /* Build configuration list for PBXNativeTarget "swift-tetris" */;
			buildPhases = (
				07C983E419F4EEC20035314B /* Sources */,
				07C983E519F4EEC20035314B /* Frameworks */,
				07C983E619F4EEC20035314B /* Resources */,
			);
			buildRules = (
			);
			dependencies = (
			);
			name = "swift-tetris";
			productName = "swift-tetris";
			productReference = 07C983E819F4EEC20035314B /* swift-tetris.app */;
			productType = "com.apple.product-type.application";
		};
		07C983FD19F4EEC30035314B /* swift-tetrisTests */ = {
			isa = PBXNativeTarget;
			buildConfigurationList = 07C9840B19F4EEC30035314B /* Build configuration list for PBXNativeTarget "swift-tetrisTests" */;
			buildPhases = (
				07C983FA19F4EEC30035314B /* Sources */,
				07C983FB19F4EEC30035314B /* Frameworks */,
				07C983FC19F4EEC30035314B /* Resources */,
			);
			buildRules = (
			);
			dependencies = (
				07C9840019F4EEC30035314B /* PBXTargetDependency */,
			);
			name = "swift-tetrisTests";
			productName = "swift-tetrisTests";
			productReference = 07C983FE19F4EEC30035314B /* swift-tetrisTests.xctest */;
			productType = "com.apple.product-type.bundle.unit-test";
		};
/* End PBXNativeTarget section */

/* Begin PBXProject section */
		07C983E019F4EEC20035314B /* Project object */ = {
			isa = PBXProject;
			attributes = {
				LastUpgradeCheck = 0600;
				ORGANIZATIONNAME = BLUE;
				TargetAttributes = {
					07C983E719F4EEC20035314B = {
						CreatedOnToolsVersion = 6.0;
					};
					07C983FD19F4EEC30035314B = {
						CreatedOnToolsVersion = 6.0;
						TestTargetID = 07C983E719F4EEC20035314B;
					};
				};
			};
			buildConfigurationList = 07C983E319F4EEC20035314B /* Build configuration list for PBXProject "swift-tetris" */;
			compatibilityVersion = "Xcode 3.2";
			developmentRegion = English;
			hasScannedForEncodings = 0;
			knownRegions = (
				en,
				Base,
			);
			mainGroup = 07C983DF19F4EEC20035314B;
			productRefGroup = 07C983E919F4EEC20035314B /* Products */;
			projectDirPath = "";
			projectRoot = "";
			targets = (
				07C983E719F4EEC20035314B /* swift-tetris */,
				07C983FD19F4EEC30035314B /* swift-tetrisTests */,
			);
		};
/* End PBXProject section */

/* Begin PBXResourcesBuildPhase section */
		07C983E619F4EEC20035314B /* Resources */ = {
			isa = PBXResourcesBuildPhase;
			buildActionMask = 2147483647;
			files = (
				07C983F919F4EEC20035314B /* Images.xcassets in Resources */,
				07FB1C0F19F4F4DF00B21BED /* gameover.mp3 in Resources */,
				07FB1C3119F4F63C00B21BED /* whitebg.png in Resources */,
				07FB1C1319F4F51100B21BED /* Sprites.atlas in Resources */,
				07FB1C3019F4F63C00B21BED /* gameboard@2x.png in Resources */,
				07C983F719F4EEC20035314B /* Main.storyboard in Resources */,
				07FB1C0D19F4F4DF00B21BED /* bomb.mp3 in Resources */,
				07FB1C3219F4F63C00B21BED /* whitebg@2x.png in Resources */,
				07FB1C1019F4F4DF00B21BED /* levelup.mp3 in Resources */,
				07FB1C1119F4F4DF00B21BED /* theme.mp3 in Resources */,
				07FB1C2D19F4F63C00B21BED /* background.png in Resources */,
				07FB1C2E19F4F63C00B21BED /* background@2x.png in Resources */,
				07FB1C2F19F4F63C00B21BED /* gameboard.png in Resources */,
				07FB1C0E19F4F4DF00B21BED /* drop.mp3 in Resources */,
			);
			runOnlyForDeploymentPostprocessing = 0;
		};
		07C983FC19F4EEC30035314B /* Resources */ = {
			isa = PBXResourcesBuildPhase;
			buildActionMask = 2147483647;
			files = (
			);
			runOnlyForDeploymentPostprocessing = 0;
		};
/* End PBXResourcesBuildPhase section */

/* Begin PBXSourcesBuildPhase section */
		07C983E419F4EEC20035314B /* Sources */ = {
			isa = PBXSourcesBuildPhase;
			buildActionMask = 2147483647;
			files = (
				075427E919F7668900991986 /* LShape.swift in Sources */,
				07DA9BC019F7574900A1EBD0 /* SquareShape.swift in Sources */,
				07C983F219F4EEC20035314B /* GameScene.swift in Sources */,
				070B8B1019F766CE00B156C3 /* JShape.swift in Sources */,
				0771BB9119F7F76000CC284A /* Swiftris.swift in Sources */,
				0758D47419F6A824000B75D8 /* Shape.swift in Sources */,
				07FB1C3419F4F90500B21BED /* Array2D.swift in Sources */,
				075427E719F7646300991986 /* LineShape.swift in Sources */,
				070B8B1219F766FB00B156C3 /* SShape.swift in Sources */,
				073E1E6319F75CB900F91E2C /* TShape.swift in Sources */,
				075F3BE819F551FB0096E74E /* Block.swift in Sources */,
				07C983F419F4EEC20035314B /* GameViewController.swift in Sources */,
				070B8B1419F7672300B156C3 /* ZShape.swift in Sources */,
				07C983EE19F4EEC20035314B /* AppDelegate.swift in Sources */,
			);
			runOnlyForDeploymentPostprocessing = 0;
		};
		07C983FA19F4EEC30035314B /* Sources */ = {
			isa = PBXSourcesBuildPhase;
			buildActionMask = 2147483647;
			files = (
				07C9840519F4EEC30035314B /* swift_tetrisTests.swift in Sources */,
			);
			runOnlyForDeploymentPostprocessing = 0;
		};
/* End PBXSourcesBuildPhase section */

/* Begin PBXTargetDependency section */
		07C9840019F4EEC30035314B /* PBXTargetDependency */ = {
			isa = PBXTargetDependency;
			target = 07C983E719F4EEC20035314B /* swift-tetris */;
			targetProxy = 07C983FF19F4EEC30035314B /* PBXContainerItemProxy */;
		};
/* End PBXTargetDependency section */

/* Begin PBXVariantGroup section */
		07C983F519F4EEC20035314B /* Main.storyboard */ = {
			isa = PBXVariantGroup;
			children = (
				07C983F619F4EEC20035314B /* Base */,
			);
			name = Main.storyboard;
			sourceTree = "<group>";
		};
/* End PBXVariantGroup section */

/* Begin XCBuildConfiguration section */
		07C9840619F4EEC30035314B /* Debug */ = {
			isa = XCBuildConfiguration;
			buildSettings = {
				ALWAYS_SEARCH_USER_PATHS = NO;
				CLANG_CXX_LANGUAGE_STANDARD = "gnu++0x";
				CLANG_CXX_LIBRARY = "libc++";
				CLANG_ENABLE_MODULES = YES;
				CLANG_ENABLE_OBJC_ARC = YES;
				CLANG_WARN_BOOL_CONVERSION = YES;
				CLANG_WARN_CONSTANT_CONVERSION = YES;
				CLANG_WARN_DIRECT_OBJC_ISA_USAGE = YES_ERROR;
				CLANG_WARN_EMPTY_BODY = YES;
				CLANG_WARN_ENUM_CONVERSION = YES;
				CLANG_WARN_INT_CONVERSION = YES;
				CLANG_WARN_OBJC_ROOT_CLASS = YES_ERROR;
				CLANG_WARN_UNREACHABLE_CODE = YES;
				CLANG_WARN__DUPLICATE_METHOD_MATCH = YES;
				"CODE_SIGN_IDENTITY[sdk=iphoneos*]" = "iPhone Developer";
				COPY_PHASE_STRIP = NO;
				ENABLE_STRICT_OBJC_MSGSEND = YES;
				GCC_C_LANGUAGE_STANDARD = gnu99;
				GCC_DYNAMIC_NO_PIC = NO;
				GCC_OPTIMIZATION_LEVEL = 0;
				GCC_PREPROCESSOR_DEFINITIONS = (
					"DEBUG=1",
					"$(inherited)",
				);
				GCC_SYMBOLS_PRIVATE_EXTERN = NO;
				GCC_WARN_64_TO_32_BIT_CONVERSION = YES;
				GCC_WARN_ABOUT_RETURN_TYPE = YES_ERROR;
				GCC_WARN_UNDECLARED_SELECTOR = YES;
				GCC_WARN_UNINITIALIZED_AUTOS = YES_AGGRESSIVE;
				GCC_WARN_UNUSED_FUNCTION = YES;
				GCC_WARN_UNUSED_VARIABLE = YES;
				IPHONEOS_DEPLOYMENT_TARGET = 8.0;
				MTL_ENABLE_DEBUG_INFO = YES;
				ONLY_ACTIVE_ARCH = YES;
				SDKROOT = iphoneos;
				SWIFT_OPTIMIZATION_LEVEL = "-Onone";
			};
			name = Debug;
		};
		07C9840719F4EEC30035314B /* Release */ = {
			isa = XCBuildConfiguration;
			buildSettings = {
				ALWAYS_SEARCH_USER_PATHS = NO;
				CLANG_CXX_LANGUAGE_STANDARD = "gnu++0x";
				CLANG_CXX_LIBRARY = "libc++";
				CLANG_ENABLE_MODULES = YES;
				CLANG_ENABLE_OBJC_ARC = YES;
				CLANG_WARN_BOOL_CONVERSION = YES;
				CLANG_WARN_CONSTANT_CONVERSION = YES;
				CLANG_WARN_DIRECT_OBJC_ISA_USAGE = YES_ERROR;
				CLANG_WARN_EMPTY_BODY = YES;
				CLANG_WARN_ENUM_CONVERSION = YES;
				CLANG_WARN_INT_CONVERSION = YES;
				CLANG_WARN_OBJC_ROOT_CLASS = YES_ERROR;
				CLANG_WARN_UNREACHABLE_CODE = YES;
				CLANG_WARN__DUPLICATE_METHOD_MATCH = YES;
				"CODE_SIGN_IDENTITY[sdk=iphoneos*]" = "iPhone Developer";
				COPY_PHASE_STRIP = YES;
				ENABLE_NS_ASSERTIONS = NO;
				ENABLE_STRICT_OBJC_MSGSEND = YES;
				GCC_C_LANGUAGE_STANDARD = gnu99;
				GCC_WARN_64_TO_32_BIT_CONVERSION = YES;
				GCC_WARN_ABOUT_RETURN_TYPE = YES_ERROR;
				GCC_WARN_UNDECLARED_SELECTOR = YES;
				GCC_WARN_UNINITIALIZED_AUTOS = YES_AGGRESSIVE;
				GCC_WARN_UNUSED_FUNCTION = YES;
				GCC_WARN_UNUSED_VARIABLE = YES;
				IPHONEOS_DEPLOYMENT_TARGET = 8.0;
				MTL_ENABLE_DEBUG_INFO = NO;
				SDKROOT = iphoneos;
				VALIDATE_PRODUCT = YES;
			};
			name = Release;
		};
		07C9840919F4EEC30035314B /* Debug */ = {
			isa = XCBuildConfiguration;
			buildSettings = {
				ASSETCATALOG_COMPILER_APPICON_NAME = AppIcon;
				ASSETCATALOG_COMPILER_LAUNCHIMAGE_NAME = LaunchImage;
				INFOPLIST_FILE = "swift-tetris/Info.plist";
				IPHONEOS_DEPLOYMENT_TARGET = 7.0;
				LD_RUNPATH_SEARCH_PATHS = "$(inherited) @executable_path/Frameworks";
				PRODUCT_NAME = "$(TARGET_NAME)";
			};
			name = Debug;
		};
		07C9840A19F4EEC30035314B /* Release */ = {
			isa = XCBuildConfiguration;
			buildSettings = {
				ASSETCATALOG_COMPILER_APPICON_NAME = AppIcon;
				ASSETCATALOG_COMPILER_LAUNCHIMAGE_NAME = LaunchImage;
				INFOPLIST_FILE = "swift-tetris/Info.plist";
				IPHONEOS_DEPLOYMENT_TARGET = 7.0;
				LD_RUNPATH_SEARCH_PATHS = "$(inherited) @executable_path/Frameworks";
				PRODUCT_NAME = "$(TARGET_NAME)";
			};
			name = Release;
		};
		07C9840C19F4EEC30035314B /* Debug */ = {
			isa = XCBuildConfiguration;
			buildSettings = {
				BUNDLE_LOADER = "$(TEST_HOST)";
				FRAMEWORK_SEARCH_PATHS = (
					"$(SDKROOT)/Developer/Library/Frameworks",
					"$(inherited)",
				);
				GCC_PREPROCESSOR_DEFINITIONS = (
					"DEBUG=1",
					"$(inherited)",
				);
				INFOPLIST_FILE = "swift-tetrisTests/Info.plist";
				LD_RUNPATH_SEARCH_PATHS = "$(inherited) @executable_path/Frameworks @loader_path/Frameworks";
				PRODUCT_NAME = "$(TARGET_NAME)";
				TEST_HOST = "$(BUILT_PRODUCTS_DIR)/swift-tetris.app/swift-tetris";
			};
			name = Debug;
		};
		07C9840D19F4EEC30035314B /* Release */ = {
			isa = XCBuildConfiguration;
			buildSettings = {
				BUNDLE_LOADER = "$(TEST_HOST)";
				FRAMEWORK_SEARCH_PATHS = (
					"$(SDKROOT)/Developer/Library/Frameworks",
					"$(inherited)",
				);
				INFOPLIST_FILE = "swift-tetrisTests/Info.plist";
				LD_RUNPATH_SEARCH_PATHS = "$(inherited) @executable_path/Frameworks @loader_path/Frameworks";
				PRODUCT_NAME = "$(TARGET_NAME)";
				TEST_HOST = "$(BUILT_PRODUCTS_DIR)/swift-tetris.app/swift-tetris";
			};
			name = Release;
		};
/* End XCBuildConfiguration section */

/* Begin XCConfigurationList section */
		07C983E319F4EEC20035314B /* Build configuration list for PBXProject "swift-tetris" */ = {
			isa = XCConfigurationList;
			buildConfigurations = (
				07C9840619F4EEC30035314B /* Debug */,
				07C9840719F4EEC30035314B /* Release */,
			);
			defaultConfigurationIsVisible = 0;
			defaultConfigurationName = Release;
		};
		07C9840819F4EEC30035314B /* Build configuration list for PBXNativeTarget "swift-tetris" */ = {
			isa = XCConfigurationList;
			buildConfigurations = (
				07C9840919F4EEC30035314B /* Debug */,
				07C9840A19F4EEC30035314B /* Release */,
			);
			defaultConfigurationIsVisible = 0;
			defaultConfigurationName = Release;
		};
		07C9840B19F4EEC30035314B /* Build configuration list for PBXNativeTarget "swift-tetrisTests" */ = {
			isa = XCConfigurationList;
			buildConfigurations = (
				07C9840C19F4EEC30035314B /* Debug */,
				07C9840D19F4EEC30035314B /* Release */,
			);
			defaultConfigurationIsVisible = 0;
			defaultConfigurationName = Release;
		};
/* End XCConfigurationList section */
	};
	rootObject = 07C983E019F4EEC20035314B /* Project object */;
}
